
Microsoft Visual Studio Solution File, Format Version 12.00
# Visual Studio Version 17
VisualStudioVersion = 17.11.35431.28
MinimumVisualStudioVersion = 10.0.40219.1
Project("{FAE04EC0-301F-11D3-BF4B-00C04F79EFBC}") = "Working with Stream Classes and the File System", "Working with Stream Classes and the File System\Working with Stream Classes and the File System.csproj", "{AFEC4C3B-3C5C-4E29-B7B4-F515F40A1C24}"
EndProject
Global
	GlobalSection(SolutionConfigurationPlatforms) = preSolution
		Debug|Any CPU = Debug|Any CPU
		Release|Any CPU = Release|Any CPU
	EndGlobalSection
	GlobalSection(ProjectConfigurationPlatforms) = postSolution
		{AFEC4C3B-3C5C-4E29-B7B4-F515F40A1C24}.Debug|Any CPU.ActiveCfg = Debug|Any CPU
		{AFEC4C3B-3C5C-4E29-B7B4-F515F40A1C24}.Debug|Any CPU.Build.0 = Debug|Any CPU
		{AFEC4C3B-3C5C-4E29-B7B4-F515F40A1C24}.Release|Any CPU.ActiveCfg = Release|Any CPU
		{AFEC4C3B-3C5C-4E29-B7B4-F515F40A1C24}.Release|Any CPU.Build.0 = Release|Any CPU
	EndGlobalSection
	GlobalSection(SolutionProperties) = preSolution
		HideSolutionNode = FALSE
	EndGlobalSection
	GlobalSection(ExtensibilityGlobals) = postSolution
		SolutionGuid = {3EE230CA-5CFC-4140-80BF-845C83EE6054}
	EndGlobalSection
EndGlobal
